// !$*UTF8*$!
{
	archiveVersion = 1;
	classes = {
	};
	objectVersion = 50;
	objects = {

/* Begin PBXBuildFile section */
		297FDD7924896A0900E7F90D /* AppDelegate.swift in Sources */ = {isa = PBXBuildFile; fileRef = 297FDD7824896A0900E7F90D /* AppDelegate.swift */; };
		297FDD7B24896A0900E7F90D /* SceneDelegate.swift in Sources */ = {isa = PBXBuildFile; fileRef = 297FDD7A24896A0900E7F90D /* SceneDelegate.swift */; };
		297FDD8024896A0900E7F90D /* Main.storyboard in Resources */ = {isa = PBXBuildFile; fileRef = 297FDD7E24896A0900E7F90D /* Main.storyboard */; };
		297FDD8324896A0900E7F90D /* Campeo_esDaCopa.xcdatamodeld in Sources */ = {isa = PBXBuildFile; fileRef = 297FDD8124896A0900E7F90D /* Campeo_esDaCopa.xcdatamodeld */; };
		297FDD8524896A0C00E7F90D /* Assets.xcassets in Resources */ = {isa = PBXBuildFile; fileRef = 297FDD8424896A0C00E7F90D /* Assets.xcassets */; };
		297FDD8824896A0C00E7F90D /* LaunchScreen.storyboard in Resources */ = {isa = PBXBuildFile; fileRef = 297FDD8624896A0C00E7F90D /* LaunchScreen.storyboard */; };
		297FDDC324896B2900E7F90D /* Inglaterra.png in Resources */ = {isa = PBXBuildFile; fileRef = 297FDD9224896B2600E7F90D /* Inglaterra.png */; };
		297FDDC424896B2900E7F90D /* Romênia.png in Resources */ = {isa = PBXBuildFile; fileRef = 297FDD9324896B2600E7F90D /* Romênia.png */; };
		297FDDC524896B2900E7F90D /* Chile.png in Resources */ = {isa = PBXBuildFile; fileRef = 297FDD9424896B2600E7F90D /* Chile.png */; };
		297FDDC624896B2900E7F90D /* Arábia Saudita.png in Resources */ = {isa = PBXBuildFile; fileRef = 297FDD9524896B2600E7F90D /* Arábia Saudita.png */; };
		297FDDC724896B2900E7F90D /* Portugal.png in Resources */ = {isa = PBXBuildFile; fileRef = 297FDD9624896B2600E7F90D /* Portugal.png */; };
		297FDDC824896B2900E7F90D /* Argentina.png in Resources */ = {isa = PBXBuildFile; fileRef = 297FDD9724896B2600E7F90D /* Argentina.png */; };
		297FDDC924896B2900E7F90D /* Austrália.png in Resources */ = {isa = PBXBuildFile; fileRef = 297FDD9824896B2600E7F90D /* Austrália.png */; };
		297FDDCA24896B2900E7F90D /* Rússia.png in Resources */ = {isa = PBXBuildFile; fileRef = 297FDD9924896B2600E7F90D /* Rússia.png */; };
		297FDDCB24896B2900E7F90D /* Holanda.png in Resources */ = {isa = PBXBuildFile; fileRef = 297FDD9A24896B2600E7F90D /* Holanda.png */; };
		297FDDCC24896B2900E7F90D /* Colômbia.png in Resources */ = {isa = PBXBuildFile; fileRef = 297FDD9B24896B2600E7F90D /* Colômbia.png */; };
		297FDDCD24896B2900E7F90D /* Bulgária.png in Resources */ = {isa = PBXBuildFile; fileRef = 297FDD9C24896B2600E7F90D /* Bulgária.png */; };
		297FDDCE24896B2900E7F90D /* Suíça.png in Resources */ = {isa = PBXBuildFile; fileRef = 297FDD9D24896B2600E7F90D /* Suíça.png */; };
		297FDDCF24896B2900E7F90D /* Alemanha Ocidental.png in Resources */ = {isa = PBXBuildFile; fileRef = 297FDD9E24896B2700E7F90D /* Alemanha Ocidental.png */; };
		297FDDD024896B2900E7F90D /* Emirados Árabes.png in Resources */ = {isa = PBXBuildFile; fileRef = 297FDD9F24896B2700E7F90D /* Emirados Árabes.png */; };
		297FDDD124896B2900E7F90D /* Áustria.png in Resources */ = {isa = PBXBuildFile; fileRef = 297FDDA024896B2700E7F90D /* Áustria.png */; };
		297FDDD224896B2900E7F90D /* Hungria.png in Resources */ = {isa = PBXBuildFile; fileRef = 297FDDA124896B2700E7F90D /* Hungria.png */; };
		297FDDD324896B2900E7F90D /* Estados Unidos.png in Resources */ = {isa = PBXBuildFile; fileRef = 297FDDA224896B2700E7F90D /* Estados Unidos.png */; };
		297FDDD424896B2900E7F90D /* Bolívia.png in Resources */ = {isa = PBXBuildFile; fileRef = 297FDDA324896B2700E7F90D /* Bolívia.png */; };
		297FDDD524896B2900E7F90D /* Polônia.png in Resources */ = {isa = PBXBuildFile; fileRef = 297FDDA424896B2700E7F90D /* Polônia.png */; };
		297FDDD624896B2900E7F90D /* Espanha.png in Resources */ = {isa = PBXBuildFile; fileRef = 297FDDA524896B2700E7F90D /* Espanha.png */; };
		297FDDD724896B2900E7F90D /* Tchecoslováquia.png in Resources */ = {isa = PBXBuildFile; fileRef = 297FDDA624896B2700E7F90D /* Tchecoslováquia.png */; };
		297FDDD824896B2900E7F90D /* Alemanha Oriental.png in Resources */ = {isa = PBXBuildFile; fileRef = 297FDDA724896B2700E7F90D /* Alemanha Oriental.png */; };
		297FDDD924896B2900E7F90D /* Croácia.png in Resources */ = {isa = PBXBuildFile; fileRef = 297FDDA824896B2700E7F90D /* Croácia.png */; };
		297FDDDA24896B2900E7F90D /* Itália.png in Resources */ = {isa = PBXBuildFile; fileRef = 297FDDA924896B2700E7F90D /* Itália.png */; };
		297FDDDB24896B2900E7F90D /* Coréia do Sul.png in Resources */ = {isa = PBXBuildFile; fileRef = 297FDDAA24896B2700E7F90D /* Coréia do Sul.png */; };
		297FDDDC24896B2900E7F90D /* Turquia.png in Resources */ = {isa = PBXBuildFile; fileRef = 297FDDAB24896B2700E7F90D /* Turquia.png */; };
		297FDDDD24896B2900E7F90D /* Dinamarca.png in Resources */ = {isa = PBXBuildFile; fileRef = 297FDDAC24896B2700E7F90D /* Dinamarca.png */; };
		297FDDDE24896B2900E7F90D /* Costa Rica.png in Resources */ = {isa = PBXBuildFile; fileRef = 297FDDAD24896B2800E7F90D /* Costa Rica.png */; };
		297FDDDF24896B2900E7F90D /* União Soviética.png in Resources */ = {isa = PBXBuildFile; fileRef = 297FDDAE24896B2800E7F90D /* União Soviética.png */; };
		297FDDE024896B2900E7F90D /* Uruguai.png in Resources */ = {isa = PBXBuildFile; fileRef = 297FDDAF24896B2800E7F90D /* Uruguai.png */; };
		297FDDE124896B2900E7F90D /* Peru.png in Resources */ = {isa = PBXBuildFile; fileRef = 297FDDB024896B2800E7F90D /* Peru.png */; };
		297FDDE224896B2900E7F90D /* Argélia.png in Resources */ = {isa = PBXBuildFile; fileRef = 297FDDB124896B2800E7F90D /* Argélia.png */; };
		297FDDE324896B2900E7F90D /* Camarões.png in Resources */ = {isa = PBXBuildFile; fileRef = 297FDDB224896B2800E7F90D /* Camarões.png */; };
		297FDDE424896B2900E7F90D /* Honduras.png in Resources */ = {isa = PBXBuildFile; fileRef = 297FDDB324896B2800E7F90D /* Honduras.png */; };
		297FDDE524896B2900E7F90D /* China.png in Resources */ = {isa = PBXBuildFile; fileRef = 297FDDB424896B2800E7F90D /* China.png */; };
		297FDDE624896B2900E7F90D /* Alemanha.png in Resources */ = {isa = PBXBuildFile; fileRef = 297FDDB524896B2800E7F90D /* Alemanha.png */; };
		297FDDE724896B2900E7F90D /* Brasil.png in Resources */ = {isa = PBXBuildFile; fileRef = 297FDDB624896B2800E7F90D /* Brasil.png */; };
		297FDDE824896B2900E7F90D /* Bélgica.png in Resources */ = {isa = PBXBuildFile; fileRef = 297FDDB724896B2800E7F90D /* Bélgica.png */; };
		297FDDE924896B2900E7F90D /* Iugoslávia.png in Resources */ = {isa = PBXBuildFile; fileRef = 297FDDB824896B2900E7F90D /* Iugoslávia.png */; };
		297FDDEA24896B2900E7F90D /* Ucrânia.png in Resources */ = {isa = PBXBuildFile; fileRef = 297FDDB924896B2900E7F90D /* Ucrânia.png */; };
		297FDDEB24896B2900E7F90D /* França.png in Resources */ = {isa = PBXBuildFile; fileRef = 297FDDBA24896B2900E7F90D /* França.png */; };
		297FDDEC24896B2900E7F90D /* País de Gales.png in Resources */ = {isa = PBXBuildFile; fileRef = 297FDDBB24896B2900E7F90D /* País de Gales.png */; };
		297FDDED24896B2900E7F90D /* República Tcheca.png in Resources */ = {isa = PBXBuildFile; fileRef = 297FDDBC24896B2900E7F90D /* República Tcheca.png */; };
		297FDDEE24896B2900E7F90D /* Gana.png in Resources */ = {isa = PBXBuildFile; fileRef = 297FDDBD24896B2900E7F90D /* Gana.png */; };
		297FDDEF24896B2900E7F90D /* Suécia.png in Resources */ = {isa = PBXBuildFile; fileRef = 297FDDBE24896B2900E7F90D /* Suécia.png */; };
		297FDDF024896B2900E7F90D /* Paraguai.png in Resources */ = {isa = PBXBuildFile; fileRef = 297FDDBF24896B2900E7F90D /* Paraguai.png */; };
		297FDDF124896B2900E7F90D /* México.png in Resources */ = {isa = PBXBuildFile; fileRef = 297FDDC024896B2900E7F90D /* México.png */; };
		297FDDF224896B2900E7F90D /* Noruega.png in Resources */ = {isa = PBXBuildFile; fileRef = 297FDDC124896B2900E7F90D /* Noruega.png */; };
		297FDDF324896B2900E7F90D /* África do Sul.png in Resources */ = {isa = PBXBuildFile; fileRef = 297FDDC224896B2900E7F90D /* África do Sul.png */; };
		297FDDF724896BA000E7F90D /* WinnersTableViewController.swift in Sources */ = {isa = PBXBuildFile; fileRef = 297FDDF624896BA000E7F90D /* WinnersTableViewController.swift */; };
		297FDDFB24896C2600E7F90D /* WorldCupUIViewController.swift in Sources */ = {isa = PBXBuildFile; fileRef = 297FDDFA24896C2600E7F90D /* WorldCupUIViewController.swift */; };
		297FDDFD24896C3900E7F90D /* WorldCup.swift in Sources */ = {isa = PBXBuildFile; fileRef = 297FDDFC24896C3900E7F90D /* WorldCup.swift */; };
		297FDE0024897AD300E7F90D /* winners.json in Resources */ = {isa = PBXBuildFile; fileRef = 297FDDF424896B2F00E7F90D /* winners.json */; };
		297FDE022489900400E7F90D /* WorldCupTableViewCell.swift in Sources */ = {isa = PBXBuildFile; fileRef = 297FDE012489900400E7F90D /* WorldCupTableViewCell.swift */; };
		297FDE042489B06300E7F90D /* GamesTableViewCell.swift in Sources */ = {isa = PBXBuildFile; fileRef = 297FDE032489B06300E7F90D /* GamesTableViewCell.swift */; };
/* End PBXBuildFile section */

/* Begin PBXFileReference section */
		297FDD7524896A0900E7F90D /* Campeões.app */ = {isa = PBXFileReference; explicitFileType = wrapper.application; includeInIndex = 0; path = "Campeões.app"; sourceTree = BUILT_PRODUCTS_DIR; };
		297FDD7824896A0900E7F90D /* AppDelegate.swift */ = {isa = PBXFileReference; lastKnownFileType = sourcecode.swift; path = AppDelegate.swift; sourceTree = "<group>"; };
		297FDD7A24896A0900E7F90D /* SceneDelegate.swift */ = {isa = PBXFileReference; lastKnownFileType = sourcecode.swift; path = SceneDelegate.swift; sourceTree = "<group>"; };
		297FDD7F24896A0900E7F90D /* Base */ = {isa = PBXFileReference; lastKnownFileType = file.storyboard; name = Base; path = Base.lproj/Main.storyboard; sourceTree = "<group>"; };
		297FDD8224896A0900E7F90D /* Campeo_esDaCopa.xcdatamodel */ = {isa = PBXFileReference; lastKnownFileType = wrapper.xcdatamodel; path = Campeo_esDaCopa.xcdatamodel; sourceTree = "<group>"; };
		297FDD8424896A0C00E7F90D /* Assets.xcassets */ = {isa = PBXFileReference; lastKnownFileType = folder.assetcatalog; path = Assets.xcassets; sourceTree = "<group>"; };
		297FDD8724896A0C00E7F90D /* Base */ = {isa = PBXFileReference; lastKnownFileType = file.storyboard; name = Base; path = Base.lproj/LaunchScreen.storyboard; sourceTree = "<group>"; };
		297FDD8924896A0C00E7F90D /* Info.plist */ = {isa = PBXFileReference; lastKnownFileType = text.plist.xml; path = Info.plist; sourceTree = "<group>"; };
		297FDD9224896B2600E7F90D /* Inglaterra.png */ = {isa = PBXFileReference; lastKnownFileType = image.png; name = Inglaterra.png; path = "../../../../../../Downloads/Arquivos CampeoesDaCopa/Bandeiras/Inglaterra.png"; sourceTree = "<group>"; };
		297FDD9324896B2600E7F90D /* Romênia.png */ = {isa = PBXFileReference; lastKnownFileType = image.png; name = "Romênia.png"; path = "../../../../../../Downloads/Arquivos CampeoesDaCopa/Bandeiras/Romênia.png"; sourceTree = "<group>"; };
		297FDD9424896B2600E7F90D /* Chile.png */ = {isa = PBXFileReference; lastKnownFileType = image.png; name = Chile.png; path = "../../../../../../Downloads/Arquivos CampeoesDaCopa/Bandeiras/Chile.png"; sourceTree = "<group>"; };
		297FDD9524896B2600E7F90D /* Arábia Saudita.png */ = {isa = PBXFileReference; lastKnownFileType = image.png; name = "Arábia Saudita.png"; path = "../../../../../../Downloads/Arquivos CampeoesDaCopa/Bandeiras/Arábia Saudita.png"; sourceTree = "<group>"; };
		297FDD9624896B2600E7F90D /* Portugal.png */ = {isa = PBXFileReference; lastKnownFileType = image.png; name = Portugal.png; path = "../../../../../../Downloads/Arquivos CampeoesDaCopa/Bandeiras/Portugal.png"; sourceTree = "<group>"; };
		297FDD9724896B2600E7F90D /* Argentina.png */ = {isa = PBXFileReference; lastKnownFileType = image.png; name = Argentina.png; path = "../../../../../../Downloads/Arquivos CampeoesDaCopa/Bandeiras/Argentina.png"; sourceTree = "<group>"; };
		297FDD9824896B2600E7F90D /* Austrália.png */ = {isa = PBXFileReference; lastKnownFileType = image.png; name = "Austrália.png"; path = "../../../../../../Downloads/Arquivos CampeoesDaCopa/Bandeiras/Austrália.png"; sourceTree = "<group>"; };
		297FDD9924896B2600E7F90D /* Rússia.png */ = {isa = PBXFileReference; lastKnownFileType = image.png; name = "Rússia.png"; path = "../../../../../../Downloads/Arquivos CampeoesDaCopa/Bandeiras/Rússia.png"; sourceTree = "<group>"; };
		297FDD9A24896B2600E7F90D /* Holanda.png */ = {isa = PBXFileReference; lastKnownFileType = image.png; name = Holanda.png; path = "../../../../../../Downloads/Arquivos CampeoesDaCopa/Bandeiras/Holanda.png"; sourceTree = "<group>"; };
		297FDD9B24896B2600E7F90D /* Colômbia.png */ = {isa = PBXFileReference; lastKnownFileType = image.png; name = "Colômbia.png"; path = "../../../../../../Downloads/Arquivos CampeoesDaCopa/Bandeiras/Colômbia.png"; sourceTree = "<group>"; };
		297FDD9C24896B2600E7F90D /* Bulgária.png */ = {isa = PBXFileReference; lastKnownFileType = image.png; name = "Bulgária.png"; path = "../../../../../../Downloads/Arquivos CampeoesDaCopa/Bandeiras/Bulgária.png"; sourceTree = "<group>"; };
		297FDD9D24896B2600E7F90D /* Suíça.png */ = {isa = PBXFileReference; lastKnownFileType = image.png; name = "Suíça.png"; path = "../../../../../../Downloads/Arquivos CampeoesDaCopa/Bandeiras/Suíça.png"; sourceTree = "<group>"; };
		297FDD9E24896B2700E7F90D /* Alemanha Ocidental.png */ = {isa = PBXFileReference; lastKnownFileType = image.png; name = "Alemanha Ocidental.png"; path = "../../../../../../Downloads/Arquivos CampeoesDaCopa/Bandeiras/Alemanha Ocidental.png"; sourceTree = "<group>"; };
		297FDD9F24896B2700E7F90D /* Emirados Árabes.png */ = {isa = PBXFileReference; lastKnownFileType = image.png; name = "Emirados Árabes.png"; path = "../../../../../../Downloads/Arquivos CampeoesDaCopa/Bandeiras/Emirados Árabes.png"; sourceTree = "<group>"; };
		297FDDA024896B2700E7F90D /* Áustria.png */ = {isa = PBXFileReference; lastKnownFileType = image.png; name = "Áustria.png"; path = "../../../../../../Downloads/Arquivos CampeoesDaCopa/Bandeiras/Áustria.png"; sourceTree = "<group>"; };
		297FDDA124896B2700E7F90D /* Hungria.png */ = {isa = PBXFileReference; lastKnownFileType = image.png; name = Hungria.png; path = "../../../../../../Downloads/Arquivos CampeoesDaCopa/Bandeiras/Hungria.png"; sourceTree = "<group>"; };
		297FDDA224896B2700E7F90D /* Estados Unidos.png */ = {isa = PBXFileReference; lastKnownFileType = image.png; name = "Estados Unidos.png"; path = "../../../../../../Downloads/Arquivos CampeoesDaCopa/Bandeiras/Estados Unidos.png"; sourceTree = "<group>"; };
		297FDDA324896B2700E7F90D /* Bolívia.png */ = {isa = PBXFileReference; lastKnownFileType = image.png; name = "Bolívia.png"; path = "../../../../../../Downloads/Arquivos CampeoesDaCopa/Bandeiras/Bolívia.png"; sourceTree = "<group>"; };
		297FDDA424896B2700E7F90D /* Polônia.png */ = {isa = PBXFileReference; lastKnownFileType = image.png; name = "Polônia.png"; path = "../../../../../../Downloads/Arquivos CampeoesDaCopa/Bandeiras/Polônia.png"; sourceTree = "<group>"; };
		297FDDA524896B2700E7F90D /* Espanha.png */ = {isa = PBXFileReference; lastKnownFileType = image.png; name = Espanha.png; path = "../../../../../../Downloads/Arquivos CampeoesDaCopa/Bandeiras/Espanha.png"; sourceTree = "<group>"; };
		297FDDA624896B2700E7F90D /* Tchecoslováquia.png */ = {isa = PBXFileReference; lastKnownFileType = image.png; name = "Tchecoslováquia.png"; path = "../../../../../../Downloads/Arquivos CampeoesDaCopa/Bandeiras/Tchecoslováquia.png"; sourceTree = "<group>"; };
		297FDDA724896B2700E7F90D /* Alemanha Oriental.png */ = {isa = PBXFileReference; lastKnownFileType = image.png; name = "Alemanha Oriental.png"; path = "../../../../../../Downloads/Arquivos CampeoesDaCopa/Bandeiras/Alemanha Oriental.png"; sourceTree = "<group>"; };
		297FDDA824896B2700E7F90D /* Croácia.png */ = {isa = PBXFileReference; lastKnownFileType = image.png; name = "Croácia.png"; path = "../../../../../../Downloads/Arquivos CampeoesDaCopa/Bandeiras/Croácia.png"; sourceTree = "<group>"; };
		297FDDA924896B2700E7F90D /* Itália.png */ = {isa = PBXFileReference; lastKnownFileType = image.png; name = "Itália.png"; path = "../../../../../../Downloads/Arquivos CampeoesDaCopa/Bandeiras/Itália.png"; sourceTree = "<group>"; };
		297FDDAA24896B2700E7F90D /* Coréia do Sul.png */ = {isa = PBXFileReference; lastKnownFileType = image.png; name = "Coréia do Sul.png"; path = "../../../../../../Downloads/Arquivos CampeoesDaCopa/Bandeiras/Coréia do Sul.png"; sourceTree = "<group>"; };
		297FDDAB24896B2700E7F90D /* Turquia.png */ = {isa = PBXFileReference; lastKnownFileType = image.png; name = Turquia.png; path = "../../../../../../Downloads/Arquivos CampeoesDaCopa/Bandeiras/Turquia.png"; sourceTree = "<group>"; };
		297FDDAC24896B2700E7F90D /* Dinamarca.png */ = {isa = PBXFileReference; lastKnownFileType = image.png; name = Dinamarca.png; path = "../../../../../../Downloads/Arquivos CampeoesDaCopa/Bandeiras/Dinamarca.png"; sourceTree = "<group>"; };
		297FDDAD24896B2800E7F90D /* Costa Rica.png */ = {isa = PBXFileReference; lastKnownFileType = image.png; name = "Costa Rica.png"; path = "../../../../../../Downloads/Arquivos CampeoesDaCopa/Bandeiras/Costa Rica.png"; sourceTree = "<group>"; };
		297FDDAE24896B2800E7F90D /* União Soviética.png */ = {isa = PBXFileReference; lastKnownFileType = image.png; name = "União Soviética.png"; path = "../../../../../../Downloads/Arquivos CampeoesDaCopa/Bandeiras/União Soviética.png"; sourceTree = "<group>"; };
		297FDDAF24896B2800E7F90D /* Uruguai.png */ = {isa = PBXFileReference; lastKnownFileType = image.png; name = Uruguai.png; path = "../../../../../../Downloads/Arquivos CampeoesDaCopa/Bandeiras/Uruguai.png"; sourceTree = "<group>"; };
		297FDDB024896B2800E7F90D /* Peru.png */ = {isa = PBXFileReference; lastKnownFileType = image.png; name = Peru.png; path = "../../../../../../Downloads/Arquivos CampeoesDaCopa/Bandeiras/Peru.png"; sourceTree = "<group>"; };
		297FDDB124896B2800E7F90D /* Argélia.png */ = {isa = PBXFileReference; lastKnownFileType = image.png; name = "Argélia.png"; path = "../../../../../../Downloads/Arquivos CampeoesDaCopa/Bandeiras/Argélia.png"; sourceTree = "<group>"; };
		297FDDB224896B2800E7F90D /* Camarões.png */ = {isa = PBXFileReference; lastKnownFileType = image.png; name = "Camarões.png"; path = "../../../../../../Downloads/Arquivos CampeoesDaCopa/Bandeiras/Camarões.png"; sourceTree = "<group>"; };
		297FDDB324896B2800E7F90D /* Honduras.png */ = {isa = PBXFileReference; lastKnownFileType = image.png; name = Honduras.png; path = "../../../../../../Downloads/Arquivos CampeoesDaCopa/Bandeiras/Honduras.png"; sourceTree = "<group>"; };
		297FDDB424896B2800E7F90D /* China.png */ = {isa = PBXFileReference; lastKnownFileType = image.png; name = China.png; path = "../../../../../../Downloads/Arquivos CampeoesDaCopa/Bandeiras/China.png"; sourceTree = "<group>"; };
		297FDDB524896B2800E7F90D /* Alemanha.png */ = {isa = PBXFileReference; lastKnownFileType = image.png; name = Alemanha.png; path = "../../../../../../Downloads/Arquivos CampeoesDaCopa/Bandeiras/Alemanha.png"; sourceTree = "<group>"; };
		297FDDB624896B2800E7F90D /* Brasil.png */ = {isa = PBXFileReference; lastKnownFileType = image.png; name = Brasil.png; path = "../../../../../../Downloads/Arquivos CampeoesDaCopa/Bandeiras/Brasil.png"; sourceTree = "<group>"; };
		297FDDB724896B2800E7F90D /* Bélgica.png */ = {isa = PBXFileReference; lastKnownFileType = image.png; name = "Bélgica.png"; path = "../../../../../../Downloads/Arquivos CampeoesDaCopa/Bandeiras/Bélgica.png"; sourceTree = "<group>"; };
		297FDDB824896B2900E7F90D /* Iugoslávia.png */ = {isa = PBXFileReference; lastKnownFileType = image.png; name = "Iugoslávia.png"; path = "../../../../../../Downloads/Arquivos CampeoesDaCopa/Bandeiras/Iugoslávia.png"; sourceTree = "<group>"; };
		297FDDB924896B2900E7F90D /* Ucrânia.png */ = {isa = PBXFileReference; lastKnownFileType = image.png; name = "Ucrânia.png"; path = "../../../../../../Downloads/Arquivos CampeoesDaCopa/Bandeiras/Ucrânia.png"; sourceTree = "<group>"; };
		297FDDBA24896B2900E7F90D /* França.png */ = {isa = PBXFileReference; lastKnownFileType = image.png; name = "França.png"; path = "../../../../../../Downloads/Arquivos CampeoesDaCopa/Bandeiras/França.png"; sourceTree = "<group>"; };
		297FDDBB24896B2900E7F90D /* País de Gales.png */ = {isa = PBXFileReference; lastKnownFileType = image.png; name = "País de Gales.png"; path = "../../../../../../Downloads/Arquivos CampeoesDaCopa/Bandeiras/País de Gales.png"; sourceTree = "<group>"; };
		297FDDBC24896B2900E7F90D /* República Tcheca.png */ = {isa = PBXFileReference; lastKnownFileType = image.png; name = "República Tcheca.png"; path = "../../../../../../Downloads/Arquivos CampeoesDaCopa/Bandeiras/República Tcheca.png"; sourceTree = "<group>"; };
		297FDDBD24896B2900E7F90D /* Gana.png */ = {isa = PBXFileReference; lastKnownFileType = image.png; name = Gana.png; path = "../../../../../../Downloads/Arquivos CampeoesDaCopa/Bandeiras/Gana.png"; sourceTree = "<group>"; };
		297FDDBE24896B2900E7F90D /* Suécia.png */ = {isa = PBXFileReference; lastKnownFileType = image.png; name = "Suécia.png"; path = "../../../../../../Downloads/Arquivos CampeoesDaCopa/Bandeiras/Suécia.png"; sourceTree = "<group>"; };
		297FDDBF24896B2900E7F90D /* Paraguai.png */ = {isa = PBXFileReference; lastKnownFileType = image.png; name = Paraguai.png; path = "../../../../../../Downloads/Arquivos CampeoesDaCopa/Bandeiras/Paraguai.png"; sourceTree = "<group>"; };
		297FDDC024896B2900E7F90D /* México.png */ = {isa = PBXFileReference; lastKnownFileType = image.png; name = "México.png"; path = "../../../../../../Downloads/Arquivos CampeoesDaCopa/Bandeiras/México.png"; sourceTree = "<group>"; };
		297FDDC124896B2900E7F90D /* Noruega.png */ = {isa = PBXFileReference; lastKnownFileType = image.png; name = Noruega.png; path = "../../../../../../Downloads/Arquivos CampeoesDaCopa/Bandeiras/Noruega.png"; sourceTree = "<group>"; };
		297FDDC224896B2900E7F90D /* África do Sul.png */ = {isa = PBXFileReference; lastKnownFileType = image.png; name = "África do Sul.png"; path = "../../../../../../Downloads/Arquivos CampeoesDaCopa/Bandeiras/África do Sul.png"; sourceTree = "<group>"; };
		297FDDF424896B2F00E7F90D /* winners.json */ = {isa = PBXFileReference; fileEncoding = 4; lastKnownFileType = text.json; name = winners.json; path = "../../../../../../Downloads/Arquivos CampeoesDaCopa/winners.json"; sourceTree = "<group>"; };
		297FDDF624896BA000E7F90D /* WinnersTableViewController.swift */ = {isa = PBXFileReference; lastKnownFileType = sourcecode.swift; name = WinnersTableViewController.swift; path = ../WinnersTableViewController.swift; sourceTree = "<group>"; };
		297FDDFA24896C2600E7F90D /* WorldCupUIViewController.swift */ = {isa = PBXFileReference; lastKnownFileType = sourcecode.swift; name = WorldCupUIViewController.swift; path = ../WorldCupUIViewController.swift; sourceTree = "<group>"; };
		297FDDFC24896C3900E7F90D /* WorldCup.swift */ = {isa = PBXFileReference; lastKnownFileType = sourcecode.swift; name = WorldCup.swift; path = ../WorldCup.swift; sourceTree = "<group>"; };
		297FDE012489900400E7F90D /* WorldCupTableViewCell.swift */ = {isa = PBXFileReference; lastKnownFileType = sourcecode.swift; path = WorldCupTableViewCell.swift; sourceTree = "<group>"; };
		297FDE032489B06300E7F90D /* GamesTableViewCell.swift */ = {isa = PBXFileReference; lastKnownFileType = sourcecode.swift; path = GamesTableViewCell.swift; sourceTree = "<group>"; };
/* End PBXFileReference section */

/* Begin PBXFrameworksBuildPhase section */
		297FDD7224896A0900E7F90D /* Frameworks */ = {
			isa = PBXFrameworksBuildPhase;
			buildActionMask = 2147483647;
			files = (
			);
			runOnlyForDeploymentPostprocessing = 0;
		};
/* End PBXFrameworksBuildPhase section */

/* Begin PBXGroup section */
		297FDD6C24896A0900E7F90D = {
			isa = PBXGroup;
			children = (
				297FDD7724896A0900E7F90D /* CampeõesDaCopa */,
				297FDD7624896A0900E7F90D /* Products */,
			);
			sourceTree = "<group>";
		};
		297FDD7624896A0900E7F90D /* Products */ = {
			isa = PBXGroup;
			children = (
				297FDD7524896A0900E7F90D /* Campeões.app */,
			);
			name = Products;
			sourceTree = "<group>";
		};
		297FDD7724896A0900E7F90D /* CampeõesDaCopa */ = {
			isa = PBXGroup;
			children = (
				297FDD9124896B1600E7F90D /* Files */,
				297FDDF824896BD800E7F90D /* Controllers */,
				297FDDFE24896C3C00E7F90D /* Models */,
				297FDD7824896A0900E7F90D /* AppDelegate.swift */,
				297FDD7A24896A0900E7F90D /* SceneDelegate.swift */,
				297FDD8624896A0C00E7F90D /* LaunchScreen.storyboard */,
				297FDD7E24896A0900E7F90D /* Main.storyboard */,
				297FDD8424896A0C00E7F90D /* Assets.xcassets */,
				297FDD8924896A0C00E7F90D /* Info.plist */,
				297FDD8124896A0900E7F90D /* Campeo_esDaCopa.xcdatamodeld */,
			);
			path = "CampeõesDaCopa";
			sourceTree = "<group>";
		};
		297FDD9124896B1600E7F90D /* Files */ = {
			isa = PBXGroup;
			children = (
				297FDDF424896B2F00E7F90D /* winners.json */,
				297FDDC224896B2900E7F90D /* África do Sul.png */,
				297FDD9E24896B2700E7F90D /* Alemanha Ocidental.png */,
				297FDDA724896B2700E7F90D /* Alemanha Oriental.png */,
				297FDDB524896B2800E7F90D /* Alemanha.png */,
				297FDD9524896B2600E7F90D /* Arábia Saudita.png */,
				297FDDB124896B2800E7F90D /* Argélia.png */,
				297FDD9724896B2600E7F90D /* Argentina.png */,
				297FDD9824896B2600E7F90D /* Austrália.png */,
				297FDDA024896B2700E7F90D /* Áustria.png */,
				297FDDB724896B2800E7F90D /* Bélgica.png */,
				297FDDA324896B2700E7F90D /* Bolívia.png */,
				297FDDB624896B2800E7F90D /* Brasil.png */,
				297FDD9C24896B2600E7F90D /* Bulgária.png */,
				297FDDB224896B2800E7F90D /* Camarões.png */,
				297FDD9424896B2600E7F90D /* Chile.png */,
				297FDDB424896B2800E7F90D /* China.png */,
				297FDD9B24896B2600E7F90D /* Colômbia.png */,
				297FDDAA24896B2700E7F90D /* Coréia do Sul.png */,
				297FDDAD24896B2800E7F90D /* Costa Rica.png */,
				297FDDA824896B2700E7F90D /* Croácia.png */,
				297FDDAC24896B2700E7F90D /* Dinamarca.png */,
				297FDD9F24896B2700E7F90D /* Emirados Árabes.png */,
				297FDDA524896B2700E7F90D /* Espanha.png */,
				297FDDA224896B2700E7F90D /* Estados Unidos.png */,
				297FDDBA24896B2900E7F90D /* França.png */,
				297FDDBD24896B2900E7F90D /* Gana.png */,
				297FDD9A24896B2600E7F90D /* Holanda.png */,
				297FDDB324896B2800E7F90D /* Honduras.png */,
				297FDDA124896B2700E7F90D /* Hungria.png */,
				297FDD9224896B2600E7F90D /* Inglaterra.png */,
				297FDDA924896B2700E7F90D /* Itália.png */,
				297FDDB824896B2900E7F90D /* Iugoslávia.png */,
				297FDDC024896B2900E7F90D /* México.png */,
				297FDDC124896B2900E7F90D /* Noruega.png */,
				297FDDBB24896B2900E7F90D /* País de Gales.png */,
				297FDDBF24896B2900E7F90D /* Paraguai.png */,
				297FDDB024896B2800E7F90D /* Peru.png */,
				297FDDA424896B2700E7F90D /* Polônia.png */,
				297FDD9624896B2600E7F90D /* Portugal.png */,
				297FDDBC24896B2900E7F90D /* República Tcheca.png */,
				297FDD9324896B2600E7F90D /* Romênia.png */,
				297FDD9924896B2600E7F90D /* Rússia.png */,
				297FDDBE24896B2900E7F90D /* Suécia.png */,
				297FDD9D24896B2600E7F90D /* Suíça.png */,
				297FDDA624896B2700E7F90D /* Tchecoslováquia.png */,
				297FDDAB24896B2700E7F90D /* Turquia.png */,
				297FDDB924896B2900E7F90D /* Ucrânia.png */,
				297FDDAE24896B2800E7F90D /* União Soviética.png */,
				297FDDAF24896B2800E7F90D /* Uruguai.png */,
			);
			path = Files;
			sourceTree = "<group>";
		};
		297FDDF824896BD800E7F90D /* Controllers */ = {
			isa = PBXGroup;
			children = (
				297FDDFA24896C2600E7F90D /* WorldCupUIViewController.swift */,
				297FDDF624896BA000E7F90D /* WinnersTableViewController.swift */,
				297FDE012489900400E7F90D /* WorldCupTableViewCell.swift */,
				297FDE032489B06300E7F90D /* GamesTableViewCell.swift */,
			);
			path = Controllers;
			sourceTree = "<group>";
		};
		297FDDFE24896C3C00E7F90D /* Models */ = {
			isa = PBXGroup;
			children = (
				297FDDFC24896C3900E7F90D /* WorldCup.swift */,
			);
			path = Models;
			sourceTree = "<group>";
		};
/* End PBXGroup section */

/* Begin PBXNativeTarget section */
		297FDD7424896A0900E7F90D /* CampeõesDaCopa */ = {
			isa = PBXNativeTarget;
			buildConfigurationList = 297FDD8C24896A0C00E7F90D /* Build configuration list for PBXNativeTarget "CampeõesDaCopa" */;
			buildPhases = (
				297FDD7124896A0900E7F90D /* Sources */,
				297FDD7224896A0900E7F90D /* Frameworks */,
				297FDD7324896A0900E7F90D /* Resources */,
			);
			buildRules = (
			);
			dependencies = (
			);
			name = "CampeõesDaCopa";
			productName = "CampeõesDaCopa";
			productReference = 297FDD7524896A0900E7F90D /* Campeões.app */;
			productType = "com.apple.product-type.application";
		};
/* End PBXNativeTarget section */

/* Begin PBXProject section */
		297FDD6D24896A0900E7F90D /* Project object */ = {
			isa = PBXProject;
			attributes = {
				LastSwiftUpdateCheck = 1150;
				LastUpgradeCheck = 1150;
				ORGANIZATIONNAME = Brenner;
				TargetAttributes = {
					297FDD7424896A0900E7F90D = {
						CreatedOnToolsVersion = 11.5;
					};
				};
			};
			buildConfigurationList = 297FDD7024896A0900E7F90D /* Build configuration list for PBXProject "CampeõesDaCopa" */;
			compatibilityVersion = "Xcode 9.3";
			developmentRegion = en;
			hasScannedForEncodings = 0;
			knownRegions = (
				en,
				Base,
			);
			mainGroup = 297FDD6C24896A0900E7F90D;
			productRefGroup = 297FDD7624896A0900E7F90D /* Products */;
			projectDirPath = "";
			projectRoot = "";
			targets = (
				297FDD7424896A0900E7F90D /* CampeõesDaCopa */,
			);
		};
/* End PBXProject section */

/* Begin PBXResourcesBuildPhase section */
		297FDD7324896A0900E7F90D /* Resources */ = {
			isa = PBXResourcesBuildPhase;
			buildActionMask = 2147483647;
			files = (
				297FDDC424896B2900E7F90D /* Romênia.png in Resources */,
				297FDDE424896B2900E7F90D /* Honduras.png in Resources */,
				297FDDF124896B2900E7F90D /* México.png in Resources */,
				297FDDF324896B2900E7F90D /* África do Sul.png in Resources */,
				297FDDD024896B2900E7F90D /* Emirados Árabes.png in Resources */,
				297FDDCB24896B2900E7F90D /* Holanda.png in Resources */,
				297FDDD424896B2900E7F90D /* Bolívia.png in Resources */,
				297FDDD924896B2900E7F90D /* Croácia.png in Resources */,
				297FDDC524896B2900E7F90D /* Chile.png in Resources */,
				297FDDE924896B2900E7F90D /* Iugoslávia.png in Resources */,
				297FDDD224896B2900E7F90D /* Hungria.png in Resources */,
				297FDDEF24896B2900E7F90D /* Suécia.png in Resources */,
				297FDDCF24896B2900E7F90D /* Alemanha Ocidental.png in Resources */,
				297FDDEA24896B2900E7F90D /* Ucrânia.png in Resources */,
				297FDDE624896B2900E7F90D /* Alemanha.png in Resources */,
				297FDDE724896B2900E7F90D /* Brasil.png in Resources */,
				297FDDF224896B2900E7F90D /* Noruega.png in Resources */,
				297FDDD324896B2900E7F90D /* Estados Unidos.png in Resources */,
				297FDDD124896B2900E7F90D /* Áustria.png in Resources */,
				297FDDC924896B2900E7F90D /* Austrália.png in Resources */,
				297FDD8824896A0C00E7F90D /* LaunchScreen.storyboard in Resources */,
				297FDDDD24896B2900E7F90D /* Dinamarca.png in Resources */,
				297FDDE024896B2900E7F90D /* Uruguai.png in Resources */,
				297FDDE224896B2900E7F90D /* Argélia.png in Resources */,
				297FDE0024897AD300E7F90D /* winners.json in Resources */,
				297FDDEC24896B2900E7F90D /* País de Gales.png in Resources */,
				297FDDDB24896B2900E7F90D /* Coréia do Sul.png in Resources */,
				297FDDF024896B2900E7F90D /* Paraguai.png in Resources */,
				297FDDE124896B2900E7F90D /* Peru.png in Resources */,
				297FDDD724896B2900E7F90D /* Tchecoslováquia.png in Resources */,
				297FDDDF24896B2900E7F90D /* União Soviética.png in Resources */,
				297FDDD624896B2900E7F90D /* Espanha.png in Resources */,
				297FDD8524896A0C00E7F90D /* Assets.xcassets in Resources */,
				297FDDC324896B2900E7F90D /* Inglaterra.png in Resources */,
				297FDDC724896B2900E7F90D /* Portugal.png in Resources */,
				297FDDCD24896B2900E7F90D /* Bulgária.png in Resources */,
				297FDDC824896B2900E7F90D /* Argentina.png in Resources */,
				297FDD8024896A0900E7F90D /* Main.storyboard in Resources */,
				297FDDE324896B2900E7F90D /* Camarões.png in Resources */,
				297FDDCA24896B2900E7F90D /* Rússia.png in Resources */,
				297FDDDA24896B2900E7F90D /* Itália.png in Resources */,
				297FDDD824896B2900E7F90D /* Alemanha Oriental.png in Resources */,
				297FDDED24896B2900E7F90D /* República Tcheca.png in Resources */,
				297FDDC624896B2900E7F90D /* Arábia Saudita.png in Resources */,
				297FDDDC24896B2900E7F90D /* Turquia.png in Resources */,
				297FDDE824896B2900E7F90D /* Bélgica.png in Resources */,
				297FDDCE24896B2900E7F90D /* Suíça.png in Resources */,
				297FDDCC24896B2900E7F90D /* Colômbia.png in Resources */,
				297FDDEB24896B2900E7F90D /* França.png in Resources */,
				297FDDDE24896B2900E7F90D /* Costa Rica.png in Resources */,
				297FDDD524896B2900E7F90D /* Polônia.png in Resources */,
				297FDDE524896B2900E7F90D /* China.png in Resources */,
				297FDDEE24896B2900E7F90D /* Gana.png in Resources */,
			);
			runOnlyForDeploymentPostprocessing = 0;
		};
/* End PBXResourcesBuildPhase section */

/* Begin PBXSourcesBuildPhase section */
		297FDD7124896A0900E7F90D /* Sources */ = {
			isa = PBXSourcesBuildPhase;
			buildActionMask = 2147483647;
			files = (
				297FDDF724896BA000E7F90D /* WinnersTableViewController.swift in Sources */,
				297FDDFD24896C3900E7F90D /* WorldCup.swift in Sources */,
				297FDDFB24896C2600E7F90D /* WorldCupUIViewController.swift in Sources */,
				297FDE042489B06300E7F90D /* GamesTableViewCell.swift in Sources */,
				297FDE022489900400E7F90D /* WorldCupTableViewCell.swift in Sources */,
				297FDD8324896A0900E7F90D /* Campeo_esDaCopa.xcdatamodeld in Sources */,
				297FDD7924896A0900E7F90D /* AppDelegate.swift in Sources */,
				297FDD7B24896A0900E7F90D /* SceneDelegate.swift in Sources */,
			);
			runOnlyForDeploymentPostprocessing = 0;
		};
/* End PBXSourcesBuildPhase section */

/* Begin PBXVariantGroup section */
		297FDD7E24896A0900E7F90D /* Main.storyboard */ = {
			isa = PBXVariantGroup;
			children = (
				297FDD7F24896A0900E7F90D /* Base */,
			);
			name = Main.storyboard;
			sourceTree = "<group>";
		};
		297FDD8624896A0C00E7F90D /* LaunchScreen.storyboard */ = {
			isa = PBXVariantGroup;
			children = (
				297FDD8724896A0C00E7F90D /* Base */,
			);
			name = LaunchScreen.storyboard;
			sourceTree = "<group>";
		};
/* End PBXVariantGroup section */

/* Begin XCBuildConfiguration section */
		297FDD8A24896A0C00E7F90D /* Debug */ = {
			isa = XCBuildConfiguration;
			buildSettings = {
				ALWAYS_SEARCH_USER_PATHS = NO;
				CLANG_ANALYZER_NONNULL = YES;
				CLANG_ANALYZER_NUMBER_OBJECT_CONVERSION = YES_AGGRESSIVE;
				CLANG_CXX_LANGUAGE_STANDARD = "gnu++14";
				CLANG_CXX_LIBRARY = "libc++";
				CLANG_ENABLE_MODULES = YES;
				CLANG_ENABLE_OBJC_ARC = YES;
				CLANG_ENABLE_OBJC_WEAK = YES;
				CLANG_WARN_BLOCK_CAPTURE_AUTORELEASING = YES;
				CLANG_WARN_BOOL_CONVERSION = YES;
				CLANG_WARN_COMMA = YES;
				CLANG_WARN_CONSTANT_CONVERSION = YES;
				CLANG_WARN_DEPRECATED_OBJC_IMPLEMENTATIONS = YES;
				CLANG_WARN_DIRECT_OBJC_ISA_USAGE = YES_ERROR;
				CLANG_WARN_DOCUMENTATION_COMMENTS = YES;
				CLANG_WARN_EMPTY_BODY = YES;
				CLANG_WARN_ENUM_CONVERSION = YES;
				CLANG_WARN_INFINITE_RECURSION = YES;
				CLANG_WARN_INT_CONVERSION = YES;
				CLANG_WARN_NON_LITERAL_NULL_CONVERSION = YES;
				CLANG_WARN_OBJC_IMPLICIT_RETAIN_SELF = YES;
				CLANG_WARN_OBJC_LITERAL_CONVERSION = YES;
				CLANG_WARN_OBJC_ROOT_CLASS = YES_ERROR;
				CLANG_WARN_RANGE_LOOP_ANALYSIS = YES;
				CLANG_WARN_STRICT_PROTOTYPES = YES;
				CLANG_WARN_SUSPICIOUS_MOVE = YES;
				CLANG_WARN_UNGUARDED_AVAILABILITY = YES_AGGRESSIVE;
				CLANG_WARN_UNREACHABLE_CODE = YES;
				CLANG_WARN__DUPLICATE_METHOD_MATCH = YES;
				COPY_PHASE_STRIP = NO;
				DEBUG_INFORMATION_FORMAT = dwarf;
				ENABLE_STRICT_OBJC_MSGSEND = YES;
				ENABLE_TESTABILITY = YES;
				GCC_C_LANGUAGE_STANDARD = gnu11;
				GCC_DYNAMIC_NO_PIC = NO;
				GCC_NO_COMMON_BLOCKS = YES;
				GCC_OPTIMIZATION_LEVEL = 0;
				GCC_PREPROCESSOR_DEFINITIONS = (
					"DEBUG=1",
					"$(inherited)",
				);
				GCC_WARN_64_TO_32_BIT_CONVERSION = YES;
				GCC_WARN_ABOUT_RETURN_TYPE = YES_ERROR;
				GCC_WARN_UNDECLARED_SELECTOR = YES;
				GCC_WARN_UNINITIALIZED_AUTOS = YES_AGGRESSIVE;
				GCC_WARN_UNUSED_FUNCTION = YES;
				GCC_WARN_UNUSED_VARIABLE = YES;
				IPHONEOS_DEPLOYMENT_TARGET = 13.5;
				MTL_ENABLE_DEBUG_INFO = INCLUDE_SOURCE;
				MTL_FAST_MATH = YES;
				ONLY_ACTIVE_ARCH = YES;
				SDKROOT = iphoneos;
				SWIFT_ACTIVE_COMPILATION_CONDITIONS = DEBUG;
				SWIFT_OPTIMIZATION_LEVEL = "-Onone";
			};
			name = Debug;
		};
		297FDD8B24896A0C00E7F90D /* Release */ = {
			isa = XCBuildConfiguration;
			buildSettings = {
				ALWAYS_SEARCH_USER_PATHS = NO;
				CLANG_ANALYZER_NONNULL = YES;
				CLANG_ANALYZER_NUMBER_OBJECT_CONVERSION = YES_AGGRESSIVE;
				CLANG_CXX_LANGUAGE_STANDARD = "gnu++14";
				CLANG_CXX_LIBRARY = "libc++";
				CLANG_ENABLE_MODULES = YES;
				CLANG_ENABLE_OBJC_ARC = YES;
				CLANG_ENABLE_OBJC_WEAK = YES;
				CLANG_WARN_BLOCK_CAPTURE_AUTORELEASING = YES;
				CLANG_WARN_BOOL_CONVERSION = YES;
				CLANG_WARN_COMMA = YES;
				CLANG_WARN_CONSTANT_CONVERSION = YES;
				CLANG_WARN_DEPRECATED_OBJC_IMPLEMENTATIONS = YES;
				CLANG_WARN_DIRECT_OBJC_ISA_USAGE = YES_ERROR;
				CLANG_WARN_DOCUMENTATION_COMMENTS = YES;
				CLANG_WARN_EMPTY_BODY = YES;
				CLANG_WARN_ENUM_CONVERSION = YES;
				CLANG_WARN_INFINITE_RECURSION = YES;
				CLANG_WARN_INT_CONVERSION = YES;
				CLANG_WARN_NON_LITERAL_NULL_CONVERSION = YES;
				CLANG_WARN_OBJC_IMPLICIT_RETAIN_SELF = YES;
				CLANG_WARN_OBJC_LITERAL_CONVERSION = YES;
				CLANG_WARN_OBJC_ROOT_CLASS = YES_ERROR;
				CLANG_WARN_RANGE_LOOP_ANALYSIS = YES;
				CLANG_WARN_STRICT_PROTOTYPES = YES;
				CLANG_WARN_SUSPICIOUS_MOVE = YES;
				CLANG_WARN_UNGUARDED_AVAILABILITY = YES_AGGRESSIVE;
				CLANG_WARN_UNREACHABLE_CODE = YES;
				CLANG_WARN__DUPLICATE_METHOD_MATCH = YES;
				COPY_PHASE_STRIP = NO;
				DEBUG_INFORMATION_FORMAT = "dwarf-with-dsym";
				ENABLE_NS_ASSERTIONS = NO;
				ENABLE_STRICT_OBJC_MSGSEND = YES;
				GCC_C_LANGUAGE_STANDARD = gnu11;
				GCC_NO_COMMON_BLOCKS = YES;
				GCC_WARN_64_TO_32_BIT_CONVERSION = YES;
				GCC_WARN_ABOUT_RETURN_TYPE = YES_ERROR;
				GCC_WARN_UNDECLARED_SELECTOR = YES;
				GCC_WARN_UNINITIALIZED_AUTOS = YES_AGGRESSIVE;
				GCC_WARN_UNUSED_FUNCTION = YES;
				GCC_WARN_UNUSED_VARIABLE = YES;
				IPHONEOS_DEPLOYMENT_TARGET = 13.5;
				MTL_ENABLE_DEBUG_INFO = NO;
				MTL_FAST_MATH = YES;
				SDKROOT = iphoneos;
				SWIFT_COMPILATION_MODE = wholemodule;
				SWIFT_OPTIMIZATION_LEVEL = "-O";
				VALIDATE_PRODUCT = YES;
			};
			name = Release;
		};
		297FDD8D24896A0C00E7F90D /* Debug */ = {
			isa = XCBuildConfiguration;
			buildSettings = {
				ASSETCATALOG_COMPILER_APPICON_NAME = AppIcon;
				CODE_SIGN_STYLE = Automatic;
				DEVELOPMENT_TEAM = Q2ND2U87N3;
				INFOPLIST_FILE = "CampeõesDaCopa/Info.plist";
				LD_RUNPATH_SEARCH_PATHS = (
					"$(inherited)",
					"@executable_path/Frameworks",
				);
				PRODUCT_BUNDLE_IDENTIFIER = com.brenner.CampeoesDaCopa;
				PRODUCT_NAME = "Campeões";
				SWIFT_VERSION = 5.0;
				TARGETED_DEVICE_FAMILY = 1;
			};
			name = Debug;
		};
		297FDD8E24896A0C00E7F90D /* Release */ = {
			isa = XCBuildConfiguration;
			buildSettings = {
				ASSETCATALOG_COMPILER_APPICON_NAME = AppIcon;
				CODE_SIGN_STYLE = Automatic;
				DEVELOPMENT_TEAM = Q2ND2U87N3;
				INFOPLIST_FILE = "CampeõesDaCopa/Info.plist";
				LD_RUNPATH_SEARCH_PATHS = (
					"$(inherited)",
					"@executable_path/Frameworks",
				);
				PRODUCT_BUNDLE_IDENTIFIER = com.brenner.CampeoesDaCopa;
				PRODUCT_NAME = "Campeões";
				SWIFT_VERSION = 5.0;
				TARGETED_DEVICE_FAMILY = 1;
			};
			name = Release;
		};
/* End XCBuildConfiguration section */

/* Begin XCConfigurationList section */
		297FDD7024896A0900E7F90D /* Build configuration list for PBXProject "CampeõesDaCopa" */ = {
			isa = XCConfigurationList;
			buildConfigurations = (
				297FDD8A24896A0C00E7F90D /* Debug */,
				297FDD8B24896A0C00E7F90D /* Release */,
			);
			defaultConfigurationIsVisible = 0;
			defaultConfigurationName = Release;
		};
		297FDD8C24896A0C00E7F90D /* Build configuration list for PBXNativeTarget "CampeõesDaCopa" */ = {
			isa = XCConfigurationList;
			buildConfigurations = (
				297FDD8D24896A0C00E7F90D /* Debug */,
				297FDD8E24896A0C00E7F90D /* Release */,
			);
			defaultConfigurationIsVisible = 0;
			defaultConfigurationName = Release;
		};
/* End XCConfigurationList section */

/* Begin XCVersionGroup section */
		297FDD8124896A0900E7F90D /* Campeo_esDaCopa.xcdatamodeld */ = {
			isa = XCVersionGroup;
			children = (
				297FDD8224896A0900E7F90D /* Campeo_esDaCopa.xcdatamodel */,
			);
			currentVersion = 297FDD8224896A0900E7F90D /* Campeo_esDaCopa.xcdatamodel */;
			path = Campeo_esDaCopa.xcdatamodeld;
			sourceTree = "<group>";
			versionGroupType = wrapper.xcdatamodel;
		};
/* End XCVersionGroup section */
	};
	rootObject = 297FDD6D24896A0900E7F90D /* Project object */;
}
