// !$*UTF8*$!
{
	archiveVersion = 1;
	classes = {
	};
	objectVersion = 50;
	objects = {

/* Begin PBXBuildFile section */
		293AB07B23C3906A00EB96FA /* AppDelegate.swift in Sources */ = {isa = PBXBuildFile; fileRef = 293AB07A23C3906A00EB96FA /* AppDelegate.swift */; };
		293AB07D23C3906A00EB96FA /* SceneDelegate.swift in Sources */ = {isa = PBXBuildFile; fileRef = 293AB07C23C3906A00EB96FA /* SceneDelegate.swift */; };
		293AB07F23C3906A00EB96FA /* ViewController.swift in Sources */ = {isa = PBXBuildFile; fileRef = 293AB07E23C3906A00EB96FA /* ViewController.swift */; };
		293AB08223C3906A00EB96FA /* Main.storyboard in Resources */ = {isa = PBXBuildFile; fileRef = 293AB08023C3906A00EB96FA /* Main.storyboard */; };
		293AB08423C3906C00EB96FA /* Assets.xcassets in Resources */ = {isa = PBXBuildFile; fileRef = 293AB08323C3906C00EB96FA /* Assets.xcassets */; };
		293AB08723C3906C00EB96FA /* LaunchScreen.storyboard in Resources */ = {isa = PBXBuildFile; fileRef = 293AB08523C3906C00EB96FA /* LaunchScreen.storyboard */; };
		293AB09223C3906C00EB96FA /* AlertasTests.swift in Sources */ = {isa = PBXBuildFile; fileRef = 293AB09123C3906C00EB96FA /* AlertasTests.swift */; };
		293AB09D23C3906C00EB96FA /* AlertasUITests.swift in Sources */ = {isa = PBXBuildFile; fileRef = 293AB09C23C3906C00EB96FA /* AlertasUITests.swift */; };
/* End PBXBuildFile section */

/* Begin PBXContainerItemProxy section */
		293AB08E23C3906C00EB96FA /* PBXContainerItemProxy */ = {
			isa = PBXContainerItemProxy;
			containerPortal = 293AB06F23C3906A00EB96FA /* Project object */;
			proxyType = 1;
			remoteGlobalIDString = 293AB07623C3906A00EB96FA;
			remoteInfo = Alertas;
		};
		293AB09923C3906C00EB96FA /* PBXContainerItemProxy */ = {
			isa = PBXContainerItemProxy;
			containerPortal = 293AB06F23C3906A00EB96FA /* Project object */;
			proxyType = 1;
			remoteGlobalIDString = 293AB07623C3906A00EB96FA;
			remoteInfo = Alertas;
		};
/* End PBXContainerItemProxy section */

/* Begin PBXFileReference section */
		293AB07723C3906A00EB96FA /* Alertas.app */ = {isa = PBXFileReference; explicitFileType = wrapper.application; includeInIndex = 0; path = Alertas.app; sourceTree = BUILT_PRODUCTS_DIR; };
		293AB07A23C3906A00EB96FA /* AppDelegate.swift */ = {isa = PBXFileReference; lastKnownFileType = sourcecode.swift; path = AppDelegate.swift; sourceTree = "<group>"; };
		293AB07C23C3906A00EB96FA /* SceneDelegate.swift */ = {isa = PBXFileReference; lastKnownFileType = sourcecode.swift; path = SceneDelegate.swift; sourceTree = "<group>"; };
		293AB07E23C3906A00EB96FA /* ViewController.swift */ = {isa = PBXFileReference; lastKnownFileType = sourcecode.swift; path = ViewController.swift; sourceTree = "<group>"; };
		293AB08123C3906A00EB96FA /* Base */ = {isa = PBXFileReference; lastKnownFileType = file.storyboard; name = Base; path = Base.lproj/Main.storyboard; sourceTree = "<group>"; };
		293AB08323C3906C00EB96FA /* Assets.xcassets */ = {isa = PBXFileReference; lastKnownFileType = folder.assetcatalog; path = Assets.xcassets; sourceTree = "<group>"; };
		293AB08623C3906C00EB96FA /* Base */ = {isa = PBXFileReference; lastKnownFileType = file.storyboard; name = Base; path = Base.lproj/LaunchScreen.storyboard; sourceTree = "<group>"; };
		293AB08823C3906C00EB96FA /* Info.plist */ = {isa = PBXFileReference; lastKnownFileType = text.plist.xml; path = Info.plist; sourceTree = "<group>"; };
		293AB08D23C3906C00EB96FA /* AlertasTests.xctest */ = {isa = PBXFileReference; explicitFileType = wrapper.cfbundle; includeInIndex = 0; path = AlertasTests.xctest; sourceTree = BUILT_PRODUCTS_DIR; };
		293AB09123C3906C00EB96FA /* AlertasTests.swift */ = {isa = PBXFileReference; lastKnownFileType = sourcecode.swift; path = AlertasTests.swift; sourceTree = "<group>"; };
		293AB09323C3906C00EB96FA /* Info.plist */ = {isa = PBXFileReference; lastKnownFileType = text.plist.xml; path = Info.plist; sourceTree = "<group>"; };
		293AB09823C3906C00EB96FA /* AlertasUITests.xctest */ = {isa = PBXFileReference; explicitFileType = wrapper.cfbundle; includeInIndex = 0; path = AlertasUITests.xctest; sourceTree = BUILT_PRODUCTS_DIR; };
		293AB09C23C3906C00EB96FA /* AlertasUITests.swift */ = {isa = PBXFileReference; lastKnownFileType = sourcecode.swift; path = AlertasUITests.swift; sourceTree = "<group>"; };
		293AB09E23C3906C00EB96FA /* Info.plist */ = {isa = PBXFileReference; lastKnownFileType = text.plist.xml; path = Info.plist; sourceTree = "<group>"; };
/* End PBXFileReference section */

/* Begin PBXFrameworksBuildPhase section */
		293AB07423C3906A00EB96FA /* Frameworks */ = {
			isa = PBXFrameworksBuildPhase;
			buildActionMask = 2147483647;
			files = (
			);
			runOnlyForDeploymentPostprocessing = 0;
		};
		293AB08A23C3906C00EB96FA /* Frameworks */ = {
			isa = PBXFrameworksBuildPhase;
			buildActionMask = 2147483647;
			files = (
			);
			runOnlyForDeploymentPostprocessing = 0;
		};
		293AB09523C3906C00EB96FA /* Frameworks */ = {
			isa = PBXFrameworksBuildPhase;
			buildActionMask = 2147483647;
			files = (
			);
			runOnlyForDeploymentPostprocessing = 0;
		};
/* End PBXFrameworksBuildPhase section */

/* Begin PBXGroup section */
		293AB06E23C3906A00EB96FA = {
			isa = PBXGroup;
			children = (
				293AB07923C3906A00EB96FA /* Alertas */,
				293AB09023C3906C00EB96FA /* AlertasTests */,
				293AB09B23C3906C00EB96FA /* AlertasUITests */,
				293AB07823C3906A00EB96FA /* Products */,
			);
			sourceTree = "<group>";
		};
		293AB07823C3906A00EB96FA /* Products */ = {
			isa = PBXGroup;
			children = (
				293AB07723C3906A00EB96FA /* Alertas.app */,
				293AB08D23C3906C00EB96FA /* AlertasTests.xctest */,
				293AB09823C3906C00EB96FA /* AlertasUITests.xctest */,
			);
			name = Products;
			sourceTree = "<group>";
		};
		293AB07923C3906A00EB96FA /* Alertas */ = {
			isa = PBXGroup;
			children = (
				293AB07A23C3906A00EB96FA /* AppDelegate.swift */,
				293AB07C23C3906A00EB96FA /* SceneDelegate.swift */,
				293AB07E23C3906A00EB96FA /* ViewController.swift */,
				293AB08023C3906A00EB96FA /* Main.storyboard */,
				293AB08323C3906C00EB96FA /* Assets.xcassets */,
				293AB08523C3906C00EB96FA /* LaunchScreen.storyboard */,
				293AB08823C3906C00EB96FA /* Info.plist */,
			);
			path = Alertas;
			sourceTree = "<group>";
		};
		293AB09023C3906C00EB96FA /* AlertasTests */ = {
			isa = PBXGroup;
			children = (
				293AB09123C3906C00EB96FA /* AlertasTests.swift */,
				293AB09323C3906C00EB96FA /* Info.plist */,
			);
			path = AlertasTests;
			sourceTree = "<group>";
		};
		293AB09B23C3906C00EB96FA /* AlertasUITests */ = {
			isa = PBXGroup;
			children = (
				293AB09C23C3906C00EB96FA /* AlertasUITests.swift */,
				293AB09E23C3906C00EB96FA /* Info.plist */,
			);
			path = AlertasUITests;
			sourceTree = "<group>";
		};
/* End PBXGroup section */

/* Begin PBXNativeTarget section */
		293AB07623C3906A00EB96FA /* Alertas */ = {
			isa = PBXNativeTarget;
			buildConfigurationList = 293AB0A123C3906C00EB96FA /* Build configuration list for PBXNativeTarget "Alertas" */;
			buildPhases = (
				293AB07323C3906A00EB96FA /* Sources */,
				293AB07423C3906A00EB96FA /* Frameworks */,
				293AB07523C3906A00EB96FA /* Resources */,
			);
			buildRules = (
			);
			dependencies = (
			);
			name = Alertas;
			productName = Alertas;
			productReference = 293AB07723C3906A00EB96FA /* Alertas.app */;
			productType = "com.apple.product-type.application";
		};
		293AB08C23C3906C00EB96FA /* AlertasTests */ = {
			isa = PBXNativeTarget;
			buildConfigurationList = 293AB0A423C3906C00EB96FA /* Build configuration list for PBXNativeTarget "AlertasTests" */;
			buildPhases = (
				293AB08923C3906C00EB96FA /* Sources */,
				293AB08A23C3906C00EB96FA /* Frameworks */,
				293AB08B23C3906C00EB96FA /* Resources */,
			);
			buildRules = (
			);
			dependencies = (
				293AB08F23C3906C00EB96FA /* PBXTargetDependency */,
			);
			name = AlertasTests;
			productName = AlertasTests;
			productReference = 293AB08D23C3906C00EB96FA /* AlertasTests.xctest */;
			productType = "com.apple.product-type.bundle.unit-test";
		};
		293AB09723C3906C00EB96FA /* AlertasUITests */ = {
			isa = PBXNativeTarget;
			buildConfigurationList = 293AB0A723C3906C00EB96FA /* Build configuration list for PBXNativeTarget "AlertasUITests" */;
			buildPhases = (
				293AB09423C3906C00EB96FA /* Sources */,
				293AB09523C3906C00EB96FA /* Frameworks */,
				293AB09623C3906C00EB96FA /* Resources */,
			);
			buildRules = (
			);
			dependencies = (
				293AB09A23C3906C00EB96FA /* PBXTargetDependency */,
			);
			name = AlertasUITests;
			productName = AlertasUITests;
			productReference = 293AB09823C3906C00EB96FA /* AlertasUITests.xctest */;
			productType = "com.apple.product-type.bundle.ui-testing";
		};
/* End PBXNativeTarget section */

/* Begin PBXProject section */
		293AB06F23C3906A00EB96FA /* Project object */ = {
			isa = PBXProject;
			attributes = {
				LastSwiftUpdateCheck = 1130;
				LastUpgradeCheck = 1130;
				ORGANIZATIONNAME = Brenner;
				TargetAttributes = {
					293AB07623C3906A00EB96FA = {
						CreatedOnToolsVersion = 11.3;
					};
					293AB08C23C3906C00EB96FA = {
						CreatedOnToolsVersion = 11.3;
						TestTargetID = 293AB07623C3906A00EB96FA;
					};
					293AB09723C3906C00EB96FA = {
						CreatedOnToolsVersion = 11.3;
						TestTargetID = 293AB07623C3906A00EB96FA;
					};
				};
			};
			buildConfigurationList = 293AB07223C3906A00EB96FA /* Build configuration list for PBXProject "Alertas" */;
			compatibilityVersion = "Xcode 9.3";
			developmentRegion = en;
			hasScannedForEncodings = 0;
			knownRegions = (
				en,
				Base,
			);
			mainGroup = 293AB06E23C3906A00EB96FA;
			productRefGroup = 293AB07823C3906A00EB96FA /* Products */;
			projectDirPath = "";
			projectRoot = "";
			targets = (
				293AB07623C3906A00EB96FA /* Alertas */,
				293AB08C23C3906C00EB96FA /* AlertasTests */,
				293AB09723C3906C00EB96FA /* AlertasUITests */,
			);
		};
/* End PBXProject section */

/* Begin PBXResourcesBuildPhase section */
		293AB07523C3906A00EB96FA /* Resources */ = {
			isa = PBXResourcesBuildPhase;
			buildActionMask = 2147483647;
			files = (
				293AB08723C3906C00EB96FA /* LaunchScreen.storyboard in Resources */,
				293AB08423C3906C00EB96FA /* Assets.xcassets in Resources */,
				293AB08223C3906A00EB96FA /* Main.storyboard in Resources */,
			);
			runOnlyForDeploymentPostprocessing = 0;
		};
		293AB08B23C3906C00EB96FA /* Resources */ = {
			isa = PBXResourcesBuildPhase;
			buildActionMask = 2147483647;
			files = (
			);
			runOnlyForDeploymentPostprocessing = 0;
		};
		293AB09623C3906C00EB96FA /* Resources */ = {
			isa = PBXResourcesBuildPhase;
			buildActionMask = 2147483647;
			files = (
			);
			runOnlyForDeploymentPostprocessing = 0;
		};
/* End PBXResourcesBuildPhase section */

/* Begin PBXSourcesBuildPhase section */
		293AB07323C3906A00EB96FA /* Sources */ = {
			isa = PBXSourcesBuildPhase;
			buildActionMask = 2147483647;
			files = (
				293AB07F23C3906A00EB96FA /* ViewController.swift in Sources */,
				293AB07B23C3906A00EB96FA /* AppDelegate.swift in Sources */,
				293AB07D23C3906A00EB96FA /* SceneDelegate.swift in Sources */,
			);
			runOnlyForDeploymentPostprocessing = 0;
		};
		293AB08923C3906C00EB96FA /* Sources */ = {
			isa = PBXSourcesBuildPhase;
			buildActionMask = 2147483647;
			files = (
				293AB09223C3906C00EB96FA /* AlertasTests.swift in Sources */,
			);
			runOnlyForDeploymentPostprocessing = 0;
		};
		293AB09423C3906C00EB96FA /* Sources */ = {
			isa = PBXSourcesBuildPhase;
			buildActionMask = 2147483647;
			files = (
				293AB09D23C3906C00EB96FA /* AlertasUITests.swift in Sources */,
			);
			runOnlyForDeploymentPostprocessing = 0;
		};
/* End PBXSourcesBuildPhase section */

/* Begin PBXTargetDependency section */
		293AB08F23C3906C00EB96FA /* PBXTargetDependency */ = {
			isa = PBXTargetDependency;
			target = 293AB07623C3906A00EB96FA /* Alertas */;
			targetProxy = 293AB08E23C3906C00EB96FA /* PBXContainerItemProxy */;
		};
		293AB09A23C3906C00EB96FA /* PBXTargetDependency */ = {
			isa = PBXTargetDependency;
			target = 293AB07623C3906A00EB96FA /* Alertas */;
			targetProxy = 293AB09923C3906C00EB96FA /* PBXContainerItemProxy */;
		};
/* End PBXTargetDependency section */

/* Begin PBXVariantGroup section */
		293AB08023C3906A00EB96FA /* Main.storyboard */ = {
			isa = PBXVariantGroup;
			children = (
				293AB08123C3906A00EB96FA /* Base */,
			);
			name = Main.storyboard;
			sourceTree = "<group>";
		};
		293AB08523C3906C00EB96FA /* LaunchScreen.storyboard */ = {
			isa = PBXVariantGroup;
			children = (
				293AB08623C3906C00EB96FA /* Base */,
			);
			name = LaunchScreen.storyboard;
			sourceTree = "<group>";
		};
/* End PBXVariantGroup section */

/* Begin XCBuildConfiguration section */
		293AB09F23C3906C00EB96FA /* Debug */ = {
			isa = XCBuildConfiguration;
			buildSettings = {
				ALWAYS_SEARCH_USER_PATHS = NO;
				CLANG_ANALYZER_NONNULL = YES;
				CLANG_ANALYZER_NUMBER_OBJECT_CONVERSION = YES_AGGRESSIVE;
				CLANG_CXX_LANGUAGE_STANDARD = "gnu++14";
				CLANG_CXX_LIBRARY = "libc++";
				CLANG_ENABLE_MODULES = YES;
				CLANG_ENABLE_OBJC_ARC = YES;
				CLANG_ENABLE_OBJC_WEAK = YES;
				CLANG_WARN_BLOCK_CAPTURE_AUTORELEASING = YES;
				CLANG_WARN_BOOL_CONVERSION = YES;
				CLANG_WARN_COMMA = YES;
				CLANG_WARN_CONSTANT_CONVERSION = YES;
				CLANG_WARN_DEPRECATED_OBJC_IMPLEMENTATIONS = YES;
				CLANG_WARN_DIRECT_OBJC_ISA_USAGE = YES_ERROR;
				CLANG_WARN_DOCUMENTATION_COMMENTS = YES;
				CLANG_WARN_EMPTY_BODY = YES;
				CLANG_WARN_ENUM_CONVERSION = YES;
				CLANG_WARN_INFINITE_RECURSION = YES;
				CLANG_WARN_INT_CONVERSION = YES;
				CLANG_WARN_NON_LITERAL_NULL_CONVERSION = YES;
				CLANG_WARN_OBJC_IMPLICIT_RETAIN_SELF = YES;
				CLANG_WARN_OBJC_LITERAL_CONVERSION = YES;
				CLANG_WARN_OBJC_ROOT_CLASS = YES_ERROR;
				CLANG_WARN_RANGE_LOOP_ANALYSIS = YES;
				CLANG_WARN_STRICT_PROTOTYPES = YES;
				CLANG_WARN_SUSPICIOUS_MOVE = YES;
				CLANG_WARN_UNGUARDED_AVAILABILITY = YES_AGGRESSIVE;
				CLANG_WARN_UNREACHABLE_CODE = YES;
				CLANG_WARN__DUPLICATE_METHOD_MATCH = YES;
				COPY_PHASE_STRIP = NO;
				DEBUG_INFORMATION_FORMAT = dwarf;
				ENABLE_STRICT_OBJC_MSGSEND = YES;
				ENABLE_TESTABILITY = YES;
				GCC_C_LANGUAGE_STANDARD = gnu11;
				GCC_DYNAMIC_NO_PIC = NO;
				GCC_NO_COMMON_BLOCKS = YES;
				GCC_OPTIMIZATION_LEVEL = 0;
				GCC_PREPROCESSOR_DEFINITIONS = (
					"DEBUG=1",
					"$(inherited)",
				);
				GCC_WARN_64_TO_32_BIT_CONVERSION = YES;
				GCC_WARN_ABOUT_RETURN_TYPE = YES_ERROR;
				GCC_WARN_UNDECLARED_SELECTOR = YES;
				GCC_WARN_UNINITIALIZED_AUTOS = YES_AGGRESSIVE;
				GCC_WARN_UNUSED_FUNCTION = YES;
				GCC_WARN_UNUSED_VARIABLE = YES;
				IPHONEOS_DEPLOYMENT_TARGET = 13.2;
				MTL_ENABLE_DEBUG_INFO = INCLUDE_SOURCE;
				MTL_FAST_MATH = YES;
				ONLY_ACTIVE_ARCH = YES;
				SDKROOT = iphoneos;
				SWIFT_ACTIVE_COMPILATION_CONDITIONS = DEBUG;
				SWIFT_OPTIMIZATION_LEVEL = "-Onone";
			};
			name = Debug;
		};
		293AB0A023C3906C00EB96FA /* Release */ = {
			isa = XCBuildConfiguration;
			buildSettings = {
				ALWAYS_SEARCH_USER_PATHS = NO;
				CLANG_ANALYZER_NONNULL = YES;
				CLANG_ANALYZER_NUMBER_OBJECT_CONVERSION = YES_AGGRESSIVE;
				CLANG_CXX_LANGUAGE_STANDARD = "gnu++14";
				CLANG_CXX_LIBRARY = "libc++";
				CLANG_ENABLE_MODULES = YES;
				CLANG_ENABLE_OBJC_ARC = YES;
				CLANG_ENABLE_OBJC_WEAK = YES;
				CLANG_WARN_BLOCK_CAPTURE_AUTORELEASING = YES;
				CLANG_WARN_BOOL_CONVERSION = YES;
				CLANG_WARN_COMMA = YES;
				CLANG_WARN_CONSTANT_CONVERSION = YES;
				CLANG_WARN_DEPRECATED_OBJC_IMPLEMENTATIONS = YES;
				CLANG_WARN_DIRECT_OBJC_ISA_USAGE = YES_ERROR;
				CLANG_WARN_DOCUMENTATION_COMMENTS = YES;
				CLANG_WARN_EMPTY_BODY = YES;
				CLANG_WARN_ENUM_CONVERSION = YES;
				CLANG_WARN_INFINITE_RECURSION = YES;
				CLANG_WARN_INT_CONVERSION = YES;
				CLANG_WARN_NON_LITERAL_NULL_CONVERSION = YES;
				CLANG_WARN_OBJC_IMPLICIT_RETAIN_SELF = YES;
				CLANG_WARN_OBJC_LITERAL_CONVERSION = YES;
				CLANG_WARN_OBJC_ROOT_CLASS = YES_ERROR;
				CLANG_WARN_RANGE_LOOP_ANALYSIS = YES;
				CLANG_WARN_STRICT_PROTOTYPES = YES;
				CLANG_WARN_SUSPICIOUS_MOVE = YES;
				CLANG_WARN_UNGUARDED_AVAILABILITY = YES_AGGRESSIVE;
				CLANG_WARN_UNREACHABLE_CODE = YES;
				CLANG_WARN__DUPLICATE_METHOD_MATCH = YES;
				COPY_PHASE_STRIP = NO;
				DEBUG_INFORMATION_FORMAT = "dwarf-with-dsym";
				ENABLE_NS_ASSERTIONS = NO;
				ENABLE_STRICT_OBJC_MSGSEND = YES;
				GCC_C_LANGUAGE_STANDARD = gnu11;
				GCC_NO_COMMON_BLOCKS = YES;
				GCC_WARN_64_TO_32_BIT_CONVERSION = YES;
				GCC_WARN_ABOUT_RETURN_TYPE = YES_ERROR;
				GCC_WARN_UNDECLARED_SELECTOR = YES;
				GCC_WARN_UNINITIALIZED_AUTOS = YES_AGGRESSIVE;
				GCC_WARN_UNUSED_FUNCTION = YES;
				GCC_WARN_UNUSED_VARIABLE = YES;
				IPHONEOS_DEPLOYMENT_TARGET = 13.2;
				MTL_ENABLE_DEBUG_INFO = NO;
				MTL_FAST_MATH = YES;
				SDKROOT = iphoneos;
				SWIFT_COMPILATION_MODE = wholemodule;
				SWIFT_OPTIMIZATION_LEVEL = "-O";
				VALIDATE_PRODUCT = YES;
			};
			name = Release;
		};
		293AB0A223C3906C00EB96FA /* Debug */ = {
			isa = XCBuildConfiguration;
			buildSettings = {
				ASSETCATALOG_COMPILER_APPICON_NAME = AppIcon;
				CODE_SIGN_STYLE = Automatic;
				DEVELOPMENT_TEAM = Q2ND2U87N3;
				INFOPLIST_FILE = Alertas/Info.plist;
				LD_RUNPATH_SEARCH_PATHS = (
					"$(inherited)",
					"@executable_path/Frameworks",
				);
				PRODUCT_BUNDLE_IDENTIFIER = com.brenner.Alertas;
				PRODUCT_NAME = "$(TARGET_NAME)";
				SWIFT_VERSION = 5.0;
				TARGETED_DEVICE_FAMILY = "1,2";
			};
			name = Debug;
		};
		293AB0A323C3906C00EB96FA /* Release */ = {
			isa = XCBuildConfiguration;
			buildSettings = {
				ASSETCATALOG_COMPILER_APPICON_NAME = AppIcon;
				CODE_SIGN_STYLE = Automatic;
				DEVELOPMENT_TEAM = Q2ND2U87N3;
				INFOPLIST_FILE = Alertas/Info.plist;
				LD_RUNPATH_SEARCH_PATHS = (
					"$(inherited)",
					"@executable_path/Frameworks",
				);
				PRODUCT_BUNDLE_IDENTIFIER = com.brenner.Alertas;
				PRODUCT_NAME = "$(TARGET_NAME)";
				SWIFT_VERSION = 5.0;
				TARGETED_DEVICE_FAMILY = "1,2";
			};
			name = Release;
		};
		293AB0A523C3906C00EB96FA /* Debug */ = {
			isa = XCBuildConfiguration;
			buildSettings = {
				ALWAYS_EMBED_SWIFT_STANDARD_LIBRARIES = YES;
				BUNDLE_LOADER = "$(TEST_HOST)";
				CODE_SIGN_STYLE = Automatic;
				DEVELOPMENT_TEAM = Q2ND2U87N3;
				INFOPLIST_FILE = AlertasTests/Info.plist;
				IPHONEOS_DEPLOYMENT_TARGET = 13.2;
				LD_RUNPATH_SEARCH_PATHS = (
					"$(inherited)",
					"@executable_path/Frameworks",
					"@loader_path/Frameworks",
				);
				PRODUCT_BUNDLE_IDENTIFIER = com.brenner.AlertasTests;
				PRODUCT_NAME = "$(TARGET_NAME)";
				SWIFT_VERSION = 5.0;
				TARGETED_DEVICE_FAMILY = "1,2";
				TEST_HOST = "$(BUILT_PRODUCTS_DIR)/Alertas.app/Alertas";
			};
			name = Debug;
		};
		293AB0A623C3906C00EB96FA /* Release */ = {
			isa = XCBuildConfiguration;
			buildSettings = {
				ALWAYS_EMBED_SWIFT_STANDARD_LIBRARIES = YES;
				BUNDLE_LOADER = "$(TEST_HOST)";
				CODE_SIGN_STYLE = Automatic;
				DEVELOPMENT_TEAM = Q2ND2U87N3;
				INFOPLIST_FILE = AlertasTests/Info.plist;
				IPHONEOS_DEPLOYMENT_TARGET = 13.2;
				LD_RUNPATH_SEARCH_PATHS = (
					"$(inherited)",
					"@executable_path/Frameworks",
					"@loader_path/Frameworks",
				);
				PRODUCT_BUNDLE_IDENTIFIER = com.brenner.AlertasTests;
				PRODUCT_NAME = "$(TARGET_NAME)";
				SWIFT_VERSION = 5.0;
				TARGETED_DEVICE_FAMILY = "1,2";
				TEST_HOST = "$(BUILT_PRODUCTS_DIR)/Alertas.app/Alertas";
			};
			name = Release;
		};
		293AB0A823C3906C00EB96FA /* Debug */ = {
			isa = XCBuildConfiguration;
			buildSettings = {
				ALWAYS_EMBED_SWIFT_STANDARD_LIBRARIES = YES;
				CODE_SIGN_STYLE = Automatic;
				DEVELOPMENT_TEAM = Q2ND2U87N3;
				INFOPLIST_FILE = AlertasUITests/Info.plist;
				LD_RUNPATH_SEARCH_PATHS = (
					"$(inherited)",
					"@executable_path/Frameworks",
					"@loader_path/Frameworks",
				);
				PRODUCT_BUNDLE_IDENTIFIER = com.brenner.AlertasUITests;
				PRODUCT_NAME = "$(TARGET_NAME)";
				SWIFT_VERSION = 5.0;
				TARGETED_DEVICE_FAMILY = "1,2";
				TEST_TARGET_NAME = Alertas;
			};
			name = Debug;
		};
		293AB0A923C3906C00EB96FA /* Release */ = {
			isa = XCBuildConfiguration;
			buildSettings = {
				ALWAYS_EMBED_SWIFT_STANDARD_LIBRARIES = YES;
				CODE_SIGN_STYLE = Automatic;
				DEVELOPMENT_TEAM = Q2ND2U87N3;
				INFOPLIST_FILE = AlertasUITests/Info.plist;
				LD_RUNPATH_SEARCH_PATHS = (
					"$(inherited)",
					"@executable_path/Frameworks",
					"@loader_path/Frameworks",
				);
				PRODUCT_BUNDLE_IDENTIFIER = com.brenner.AlertasUITests;
				PRODUCT_NAME = "$(TARGET_NAME)";
				SWIFT_VERSION = 5.0;
				TARGETED_DEVICE_FAMILY = "1,2";
				TEST_TARGET_NAME = Alertas;
			};
			name = Release;
		};
/* End XCBuildConfiguration section */

/* Begin XCConfigurationList section */
		293AB07223C3906A00EB96FA /* Build configuration list for PBXProject "Alertas" */ = {
			isa = XCConfigurationList;
			buildConfigurations = (
				293AB09F23C3906C00EB96FA /* Debug */,
				293AB0A023C3906C00EB96FA /* Release */,
			);
			defaultConfigurationIsVisible = 0;
			defaultConfigurationName = Release;
		};
		293AB0A123C3906C00EB96FA /* Build configuration list for PBXNativeTarget "Alertas" */ = {
			isa = XCConfigurationList;
			buildConfigurations = (
				293AB0A223C3906C00EB96FA /* Debug */,
				293AB0A323C3906C00EB96FA /* Release */,
			);
			defaultConfigurationIsVisible = 0;
			defaultConfigurationName = Release;
		};
		293AB0A423C3906C00EB96FA /* Build configuration list for PBXNativeTarget "AlertasTests" */ = {
			isa = XCConfigurationList;
			buildConfigurations = (
				293AB0A523C3906C00EB96FA /* Debug */,
				293AB0A623C3906C00EB96FA /* Release */,
			);
			defaultConfigurationIsVisible = 0;
			defaultConfigurationName = Release;
		};
		293AB0A723C3906C00EB96FA /* Build configuration list for PBXNativeTarget "AlertasUITests" */ = {
			isa = XCConfigurationList;
			buildConfigurations = (
				293AB0A823C3906C00EB96FA /* Debug */,
				293AB0A923C3906C00EB96FA /* Release */,
			);
			defaultConfigurationIsVisible = 0;
			defaultConfigurationName = Release;
		};
/* End XCConfigurationList section */
	};
	rootObject = 293AB06F23C3906A00EB96FA /* Project object */;
}
